{
  "name": "trial-participant-ssapp",
  "version": "1.0.0",
  "lockfileVersion": 1,
  "requires": true,
  "dependencies": {
    "octopus": {
      "version": "git+https://github.com/PrivateSky/octopus.git#c2383507a536c89d654fdfc5829ed3599e2f632e",
      "from": "git+https://github.com/PrivateSky/octopus.git"
    }
  }
}
